
Microsoft Visual Studio Solution File, Format Version 12.00
# Visual Studio 15
VisualStudioVersion = 15.0.26730.15
MinimumVisualStudioVersion = 10.0.40219.1
Project("{888888A0-9F3D-457C-B088-3A5042F75D52}") = "suorganizer", "suorganizer\suorganizer.pyproj", "{87DEAE8A-FAC5-4552-8A73-B449C9BBAD7B}"
EndProject
Global
	GlobalSection(SolutionConfigurationPlatforms) = preSolution
		Debug|Any CPU = Debug|Any CPU
		Release|Any CPU = Release|Any CPU
	EndGlobalSection
	GlobalSection(ProjectConfigurationPlatforms) = postSolution
		{87DEAE8A-FAC5-4552-8A73-B449C9BBAD7B}.Debug|Any CPU.ActiveCfg = Debug|Any CPU
		{87DEAE8A-FAC5-4552-8A73-B449C9BBAD7B}.Debug|Any CPU.Build.0 = Debug|Any CPU
		{87DEAE8A-FAC5-4552-8A73-B449C9BBAD7B}.Release|Any CPU.ActiveCfg = Release|Any CPU
		{87DEAE8A-FAC5-4552-8A73-B449C9BBAD7B}.Release|Any CPU.Build.0 = Release|Any CPU
	EndGlobalSection
	GlobalSection(SolutionProperties) = preSolution
		HideSolutionNode = FALSE
	EndGlobalSection
	GlobalSection(ExtensibilityGlobals) = postSolution
		SolutionGuid = {29B1A5F1-1DA7-4D01-A356-98AFD202A631}
	EndGlobalSection
EndGlobal
